
Microsoft Visual Studio Solution File, Format Version 12.00
# Visual Studio Version 16
VisualStudioVersion = 16.0.30503.244
MinimumVisualStudioVersion = 10.0.40219.1
Project("{FAE04EC0-301F-11D3-BF4B-00C04F79EFBC}") = "RealLife", "RealLife\RealLife.csproj", "{F85775B8-3421-4B7B-A265-E9A7C4C207A3}"
EndProject
Global
	GlobalSection(SolutionConfigurationPlatforms) = preSolution
		Debug|Any CPU = Debug|Any CPU
		Release|Any CPU = Release|Any CPU
	EndGlobalSection
	GlobalSection(ProjectConfigurationPlatforms) = postSolution
		{F85775B8-3421-4B7B-A265-E9A7C4C207A3}.Debug|Any CPU.ActiveCfg = Debug|Any CPU
		{F85775B8-3421-4B7B-A265-E9A7C4C207A3}.Debug|Any CPU.Build.0 = Debug|Any CPU
		{F85775B8-3421-4B7B-A265-E9A7C4C207A3}.Release|Any CPU.ActiveCfg = Release|Any CPU
		{F85775B8-3421-4B7B-A265-E9A7C4C207A3}.Release|Any CPU.Build.0 = Release|Any CPU
	EndGlobalSection
	GlobalSection(SolutionProperties) = preSolution
		HideSolutionNode = FALSE
	EndGlobalSection
	GlobalSection(ExtensibilityGlobals) = postSolution
		SolutionGuid = {FE3F715E-3037-4101-8390-43D9FB45DE15}
	EndGlobalSection
EndGlobal
